
Microsoft Visual Studio Solution File, Format Version 12.00
# Visual Studio Version 16
VisualStudioVersion = 16.0.31205.134
MinimumVisualStudioVersion = 10.0.40219.1
Project("{FAE04EC0-301F-11D3-BF4B-00C04F79EFBC}") = "8.1 generator", "8.1 generator\8.1 generator.csproj", "{AFD9D5BF-4586-40CB-B480-AD927E94AF51}"
EndProject
Global
	GlobalSection(SolutionConfigurationPlatforms) = preSolution
		Debug|Any CPU = Debug|Any CPU
		Release|Any CPU = Release|Any CPU
	EndGlobalSection
	GlobalSection(ProjectConfigurationPlatforms) = postSolution
		{AFD9D5BF-4586-40CB-B480-AD927E94AF51}.Debug|Any CPU.ActiveCfg = Debug|Any CPU
		{AFD9D5BF-4586-40CB-B480-AD927E94AF51}.Debug|Any CPU.Build.0 = Debug|Any CPU
		{AFD9D5BF-4586-40CB-B480-AD927E94AF51}.Release|Any CPU.ActiveCfg = Release|Any CPU
		{AFD9D5BF-4586-40CB-B480-AD927E94AF51}.Release|Any CPU.Build.0 = Release|Any CPU
	EndGlobalSection
	GlobalSection(SolutionProperties) = preSolution
		HideSolutionNode = FALSE
	EndGlobalSection
	GlobalSection(ExtensibilityGlobals) = postSolution
		SolutionGuid = {21A7835C-F524-420D-8401-5EF08CAA1A3A}
	EndGlobalSection
EndGlobal
